// !$*UTF8*$!
{
	archiveVersion = 1;
	classes = {
	};
	objectVersion = 55;
	objects = {

/* Begin PBXBuildFile section */
		5CB8A0D82721BDB500D45E81 /* sullyApp.swift in Sources */ = {isa = PBXBuildFile; fileRef = 5CB8A0D72721BDB500D45E81 /* sullyApp.swift */; };
		5CB8A0DA2721BDB500D45E81 /* ContentView.swift in Sources */ = {isa = PBXBuildFile; fileRef = 5CB8A0D92721BDB500D45E81 /* ContentView.swift */; };
		5CB8A0DC2721BDB800D45E81 /* Assets.xcassets in Resources */ = {isa = PBXBuildFile; fileRef = 5CB8A0DB2721BDB800D45E81 /* Assets.xcassets */; };
		5CB8A0DF2721BDB800D45E81 /* Preview Assets.xcassets in Resources */ = {isa = PBXBuildFile; fileRef = 5CB8A0DE2721BDB800D45E81 /* Preview Assets.xcassets */; };
		5CB8A0E92721BDB800D45E81 /* sullyTests.swift in Sources */ = {isa = PBXBuildFile; fileRef = 5CB8A0E82721BDB800D45E81 /* sullyTests.swift */; };
		5CB8A0F32721BDB800D45E81 /* sullyUITests.swift in Sources */ = {isa = PBXBuildFile; fileRef = 5CB8A0F22721BDB800D45E81 /* sullyUITests.swift */; };
		5CB8A0F52721BDB800D45E81 /* sullyUITestsLaunchTests.swift in Sources */ = {isa = PBXBuildFile; fileRef = 5CB8A0F42721BDB800D45E81 /* sullyUITestsLaunchTests.swift */; };
/* End PBXBuildFile section */

/* Begin PBXContainerItemProxy section */
		5CB8A0E52721BDB800D45E81 /* PBXContainerItemProxy */ = {
			isa = PBXContainerItemProxy;
			containerPortal = 5CB8A0CC2721BDB500D45E81 /* Project object */;
			proxyType = 1;
			remoteGlobalIDString = 5CB8A0D32721BDB500D45E81;
			remoteInfo = sully;
		};
		5CB8A0EF2721BDB800D45E81 /* PBXContainerItemProxy */ = {
			isa = PBXContainerItemProxy;
			containerPortal = 5CB8A0CC2721BDB500D45E81 /* Project object */;
			proxyType = 1;
			remoteGlobalIDString = 5CB8A0D32721BDB500D45E81;
			remoteInfo = sully;
		};
/* End PBXContainerItemProxy section */

/* Begin PBXFileReference section */
		5CB8A0D42721BDB500D45E81 /* sully.app */ = {isa = PBXFileReference; explicitFileType = wrapper.application; includeInIndex = 0; path = sully.app; sourceTree = BUILT_PRODUCTS_DIR; };
		5CB8A0D72721BDB500D45E81 /* sullyApp.swift */ = {isa = PBXFileReference; lastKnownFileType = sourcecode.swift; path = sullyApp.swift; sourceTree = "<group>"; };
		5CB8A0D92721BDB500D45E81 /* ContentView.swift */ = {isa = PBXFileReference; lastKnownFileType = sourcecode.swift; path = ContentView.swift; sourceTree = "<group>"; };
		5CB8A0DB2721BDB800D45E81 /* Assets.xcassets */ = {isa = PBXFileReference; lastKnownFileType = folder.assetcatalog; path = Assets.xcassets; sourceTree = "<group>"; };
		5CB8A0DE2721BDB800D45E81 /* Preview Assets.xcassets */ = {isa = PBXFileReference; lastKnownFileType = folder.assetcatalog; path = "Preview Assets.xcassets"; sourceTree = "<group>"; };
		5CB8A0E42721BDB800D45E81 /* sullyTests.xctest */ = {isa = PBXFileReference; explicitFileType = wrapper.cfbundle; includeInIndex = 0; path = sullyTests.xctest; sourceTree = BUILT_PRODUCTS_DIR; };
		5CB8A0E82721BDB800D45E81 /* sullyTests.swift */ = {isa = PBXFileReference; lastKnownFileType = sourcecode.swift; path = sullyTests.swift; sourceTree = "<group>"; };
		5CB8A0EE2721BDB800D45E81 /* sullyUITests.xctest */ = {isa = PBXFileReference; explicitFileType = wrapper.cfbundle; includeInIndex = 0; path = sullyUITests.xctest; sourceTree = BUILT_PRODUCTS_DIR; };
		5CB8A0F22721BDB800D45E81 /* sullyUITests.swift */ = {isa = PBXFileReference; lastKnownFileType = sourcecode.swift; path = sullyUITests.swift; sourceTree = "<group>"; };
		5CB8A0F42721BDB800D45E81 /* sullyUITestsLaunchTests.swift */ = {isa = PBXFileReference; lastKnownFileType = sourcecode.swift; path = sullyUITestsLaunchTests.swift; sourceTree = "<group>"; };
/* End PBXFileReference section */

/* Begin PBXFrameworksBuildPhase section */
		5CB8A0D12721BDB500D45E81 /* Frameworks */ = {
			isa = PBXFrameworksBuildPhase;
			buildActionMask = 2147483647;
			files = (
			);
			runOnlyForDeploymentPostprocessing = 0;
		};
		5CB8A0E12721BDB800D45E81 /* Frameworks */ = {
			isa = PBXFrameworksBuildPhase;
			buildActionMask = 2147483647;
			files = (
			);
			runOnlyForDeploymentPostprocessing = 0;
		};
		5CB8A0EB2721BDB800D45E81 /* Frameworks */ = {
			isa = PBXFrameworksBuildPhase;
			buildActionMask = 2147483647;
			files = (
			);
			runOnlyForDeploymentPostprocessing = 0;
		};
/* End PBXFrameworksBuildPhase section */

/* Begin PBXGroup section */
		5CB8A0CB2721BDB500D45E81 = {
			isa = PBXGroup;
			children = (
				5CB8A0D62721BDB500D45E81 /* sully */,
				5CB8A0E72721BDB800D45E81 /* sullyTests */,
				5CB8A0F12721BDB800D45E81 /* sullyUITests */,
				5CB8A0D52721BDB500D45E81 /* Products */,
			);
			sourceTree = "<group>";
		};
		5CB8A0D52721BDB500D45E81 /* Products */ = {
			isa = PBXGroup;
			children = (
				5CB8A0D42721BDB500D45E81 /* sully.app */,
				5CB8A0E42721BDB800D45E81 /* sullyTests.xctest */,
				5CB8A0EE2721BDB800D45E81 /* sullyUITests.xctest */,
			);
			name = Products;
			sourceTree = "<group>";
		};
		5CB8A0D62721BDB500D45E81 /* sully */ = {
			isa = PBXGroup;
			children = (
				5CB8A0D72721BDB500D45E81 /* sullyApp.swift */,
				5CB8A0D92721BDB500D45E81 /* ContentView.swift */,
				5CB8A0DB2721BDB800D45E81 /* Assets.xcassets */,
				5CB8A0DD2721BDB800D45E81 /* Preview Content */,
			);
			path = sully;
			sourceTree = "<group>";
		};
		5CB8A0DD2721BDB800D45E81 /* Preview Content */ = {
			isa = PBXGroup;
			children = (
				5CB8A0DE2721BDB800D45E81 /* Preview Assets.xcassets */,
			);
			path = "Preview Content";
			sourceTree = "<group>";
		};
		5CB8A0E72721BDB800D45E81 /* sullyTests */ = {
			isa = PBXGroup;
			children = (
				5CB8A0E82721BDB800D45E81 /* sullyTests.swift */,
			);
			path = sullyTests;
			sourceTree = "<group>";
		};
		5CB8A0F12721BDB800D45E81 /* sullyUITests */ = {
			isa = PBXGroup;
			children = (
				5CB8A0F22721BDB800D45E81 /* sullyUITests.swift */,
				5CB8A0F42721BDB800D45E81 /* sullyUITestsLaunchTests.swift */,
			);
			path = sullyUITests;
			sourceTree = "<group>";
		};
/* End PBXGroup section */

/* Begin PBXNativeTarget section */
		5CB8A0D32721BDB500D45E81 /* sully */ = {
			isa = PBXNativeTarget;
			buildConfigurationList = 5CB8A0F82721BDB800D45E81 /* Build configuration list for PBXNativeTarget "sully" */;
			buildPhases = (
				5CB8A0D02721BDB500D45E81 /* Sources */,
				5CB8A0D12721BDB500D45E81 /* Frameworks */,
				5CB8A0D22721BDB500D45E81 /* Resources */,
			);
			buildRules = (
			);
			dependencies = (
			);
			name = sully;
			productName = sully;
			productReference = 5CB8A0D42721BDB500D45E81 /* sully.app */;
			productType = "com.apple.product-type.application";
		};
		5CB8A0E32721BDB800D45E81 /* sullyTests */ = {
			isa = PBXNativeTarget;
			buildConfigurationList = 5CB8A0FB2721BDB800D45E81 /* Build configuration list for PBXNativeTarget "sullyTests" */;
			buildPhases = (
				5CB8A0E02721BDB800D45E81 /* Sources */,
				5CB8A0E12721BDB800D45E81 /* Frameworks */,
				5CB8A0E22721BDB800D45E81 /* Resources */,
			);
			buildRules = (
			);
			dependencies = (
				5CB8A0E62721BDB800D45E81 /* PBXTargetDependency */,
			);
			name = sullyTests;
			productName = sullyTests;
			productReference = 5CB8A0E42721BDB800D45E81 /* sullyTests.xctest */;
			productType = "com.apple.product-type.bundle.unit-test";
		};
		5CB8A0ED2721BDB800D45E81 /* sullyUITests */ = {
			isa = PBXNativeTarget;
			buildConfigurationList = 5CB8A0FE2721BDB800D45E81 /* Build configuration list for PBXNativeTarget "sullyUITests" */;
			buildPhases = (
				5CB8A0EA2721BDB800D45E81 /* Sources */,
				5CB8A0EB2721BDB800D45E81 /* Frameworks */,
				5CB8A0EC2721BDB800D45E81 /* Resources */,
			);
			buildRules = (
			);
			dependencies = (
				5CB8A0F02721BDB800D45E81 /* PBXTargetDependency */,
			);
			name = sullyUITests;
			productName = sullyUITests;
			productReference = 5CB8A0EE2721BDB800D45E81 /* sullyUITests.xctest */;
			productType = "com.apple.product-type.bundle.ui-testing";
		};
/* End PBXNativeTarget section */

/* Begin PBXProject section */
		5CB8A0CC2721BDB500D45E81 /* Project object */ = {
			isa = PBXProject;
			attributes = {
				BuildIndependentTargetsInParallel = 1;
				LastSwiftUpdateCheck = 1300;
				LastUpgradeCheck = 1300;
				TargetAttributes = {
					5CB8A0D32721BDB500D45E81 = {
						CreatedOnToolsVersion = 13.0;
					};
					5CB8A0E32721BDB800D45E81 = {
						CreatedOnToolsVersion = 13.0;
						TestTargetID = 5CB8A0D32721BDB500D45E81;
					};
					5CB8A0ED2721BDB800D45E81 = {
						CreatedOnToolsVersion = 13.0;
						TestTargetID = 5CB8A0D32721BDB500D45E81;
					};
				};
			};
			buildConfigurationList = 5CB8A0CF2721BDB500D45E81 /* Build configuration list for PBXProject "sully" */;
			compatibilityVersion = "Xcode 13.0";
			developmentRegion = en;
			hasScannedForEncodings = 0;
			knownRegions = (
				en,
				Base,
			);
			mainGroup = 5CB8A0CB2721BDB500D45E81;
			productRefGroup = 5CB8A0D52721BDB500D45E81 /* Products */;
			projectDirPath = "";
			projectRoot = "";
			targets = (
				5CB8A0D32721BDB500D45E81 /* sully */,
				5CB8A0E32721BDB800D45E81 /* sullyTests */,
				5CB8A0ED2721BDB800D45E81 /* sullyUITests */,
			);
		};
/* End PBXProject section */

/* Begin PBXResourcesBuildPhase section */
		5CB8A0D22721BDB500D45E81 /* Resources */ = {
			isa = PBXResourcesBuildPhase;
			buildActionMask = 2147483647;
			files = (
				5CB8A0DF2721BDB800D45E81 /* Preview Assets.xcassets in Resources */,
				5CB8A0DC2721BDB800D45E81 /* Assets.xcassets in Resources */,
			);
			runOnlyForDeploymentPostprocessing = 0;
		};
		5CB8A0E22721BDB800D45E81 /* Resources */ = {
			isa = PBXResourcesBuildPhase;
			buildActionMask = 2147483647;
			files = (
			);
			runOnlyForDeploymentPostprocessing = 0;
		};
		5CB8A0EC2721BDB800D45E81 /* Resources */ = {
			isa = PBXResourcesBuildPhase;
			buildActionMask = 2147483647;
			files = (
			);
			runOnlyForDeploymentPostprocessing = 0;
		};
/* End PBXResourcesBuildPhase section */

/* Begin PBXSourcesBuildPhase section */
		5CB8A0D02721BDB500D45E81 /* Sources */ = {
			isa = PBXSourcesBuildPhase;
			buildActionMask = 2147483647;
			files = (
				5CB8A0DA2721BDB500D45E81 /* ContentView.swift in Sources */,
				5CB8A0D82721BDB500D45E81 /* sullyApp.swift in Sources */,
			);
			runOnlyForDeploymentPostprocessing = 0;
		};
		5CB8A0E02721BDB800D45E81 /* Sources */ = {
			isa = PBXSourcesBuildPhase;
			buildActionMask = 2147483647;
			files = (
				5CB8A0E92721BDB800D45E81 /* sullyTests.swift in Sources */,
			);
			runOnlyForDeploymentPostprocessing = 0;
		};
		5CB8A0EA2721BDB800D45E81 /* Sources */ = {
			isa = PBXSourcesBuildPhase;
			buildActionMask = 2147483647;
			files = (
				5CB8A0F52721BDB800D45E81 /* sullyUITestsLaunchTests.swift in Sources */,
				5CB8A0F32721BDB800D45E81 /* sullyUITests.swift in Sources */,
			);
			runOnlyForDeploymentPostprocessing = 0;
		};
/* End PBXSourcesBuildPhase section */

/* Begin PBXTargetDependency section */
		5CB8A0E62721BDB800D45E81 /* PBXTargetDependency */ = {
			isa = PBXTargetDependency;
			target = 5CB8A0D32721BDB500D45E81 /* sully */;
			targetProxy = 5CB8A0E52721BDB800D45E81 /* PBXContainerItemProxy */;
		};
		5CB8A0F02721BDB800D45E81 /* PBXTargetDependency */ = {
			isa = PBXTargetDependency;
			target = 5CB8A0D32721BDB500D45E81 /* sully */;
			targetProxy = 5CB8A0EF2721BDB800D45E81 /* PBXContainerItemProxy */;
		};
/* End PBXTargetDependency section */

/* Begin XCBuildConfiguration section */
		5CB8A0F62721BDB800D45E81 /* Debug */ = {
			isa = XCBuildConfiguration;
			buildSettings = {
				ALWAYS_SEARCH_USER_PATHS = NO;
				CLANG_ANALYZER_NONNULL = YES;
				CLANG_ANALYZER_NUMBER_OBJECT_CONVERSION = YES_AGGRESSIVE;
				CLANG_CXX_LANGUAGE_STANDARD = "gnu++17";
				CLANG_CXX_LIBRARY = "libc++";
				CLANG_ENABLE_MODULES = YES;
				CLANG_ENABLE_OBJC_ARC = YES;
				CLANG_ENABLE_OBJC_WEAK = YES;
				CLANG_WARN_BLOCK_CAPTURE_AUTORELEASING = YES;
				CLANG_WARN_BOOL_CONVERSION = YES;
				CLANG_WARN_COMMA = YES;
				CLANG_WARN_CONSTANT_CONVERSION = YES;
				CLANG_WARN_DEPRECATED_OBJC_IMPLEMENTATIONS = YES;
				CLANG_WARN_DIRECT_OBJC_ISA_USAGE = YES_ERROR;
				CLANG_WARN_DOCUMENTATION_COMMENTS = YES;
				CLANG_WARN_EMPTY_BODY = YES;
				CLANG_WARN_ENUM_CONVERSION = YES;
				CLANG_WARN_INFINITE_RECURSION = YES;
				CLANG_WARN_INT_CONVERSION = YES;
				CLANG_WARN_NON_LITERAL_NULL_CONVERSION = YES;
				CLANG_WARN_OBJC_IMPLICIT_RETAIN_SELF = YES;
				CLANG_WARN_OBJC_LITERAL_CONVERSION = YES;
				CLANG_WARN_OBJC_ROOT_CLASS = YES_ERROR;
				CLANG_WARN_QUOTED_INCLUDE_IN_FRAMEWORK_HEADER = YES;
				CLANG_WARN_RANGE_LOOP_ANALYSIS = YES;
				CLANG_WARN_STRICT_PROTOTYPES = YES;
				CLANG_WARN_SUSPICIOUS_MOVE = YES;
				CLANG_WARN_UNGUARDED_AVAILABILITY = YES_AGGRESSIVE;
				CLANG_WARN_UNREACHABLE_CODE = YES;
				CLANG_WARN__DUPLICATE_METHOD_MATCH = YES;
				COPY_PHASE_STRIP = NO;
				DEBUG_INFORMATION_FORMAT = dwarf;
				ENABLE_STRICT_OBJC_MSGSEND = YES;
				ENABLE_TESTABILITY = YES;
				GCC_C_LANGUAGE_STANDARD = gnu11;
				GCC_DYNAMIC_NO_PIC = NO;
				GCC_NO_COMMON_BLOCKS = YES;
				GCC_OPTIMIZATION_LEVEL = 0;
				GCC_PREPROCESSOR_DEFINITIONS = (
					"DEBUG=1",
					"$(inherited)",
				);
				GCC_WARN_64_TO_32_BIT_CONVERSION = YES;
				GCC_WARN_ABOUT_RETURN_TYPE = YES_ERROR;
				GCC_WARN_UNDECLARED_SELECTOR = YES;
				GCC_WARN_UNINITIALIZED_AUTOS = YES_AGGRESSIVE;
				GCC_WARN_UNUSED_FUNCTION = YES;
				GCC_WARN_UNUSED_VARIABLE = YES;
				IPHONEOS_DEPLOYMENT_TARGET = 15.0;
				MTL_ENABLE_DEBUG_INFO = INCLUDE_SOURCE;
				MTL_FAST_MATH = YES;
				ONLY_ACTIVE_ARCH = YES;
				SDKROOT = iphoneos;
				SWIFT_ACTIVE_COMPILATION_CONDITIONS = DEBUG;
				SWIFT_OPTIMIZATION_LEVEL = "-Onone";
			};
			name = Debug;
		};
		5CB8A0F72721BDB800D45E81 /* Release */ = {
			isa = XCBuildConfiguration;
			buildSettings = {
				ALWAYS_SEARCH_USER_PATHS = NO;
				CLANG_ANALYZER_NONNULL = YES;
				CLANG_ANALYZER_NUMBER_OBJECT_CONVERSION = YES_AGGRESSIVE;
				CLANG_CXX_LANGUAGE_STANDARD = "gnu++17";
				CLANG_CXX_LIBRARY = "libc++";
				CLANG_ENABLE_MODULES = YES;
				CLANG_ENABLE_OBJC_ARC = YES;
				CLANG_ENABLE_OBJC_WEAK = YES;
				CLANG_WARN_BLOCK_CAPTURE_AUTORELEASING = YES;
				CLANG_WARN_BOOL_CONVERSION = YES;
				CLANG_WARN_COMMA = YES;
				CLANG_WARN_CONSTANT_CONVERSION = YES;
				CLANG_WARN_DEPRECATED_OBJC_IMPLEMENTATIONS = YES;
				CLANG_WARN_DIRECT_OBJC_ISA_USAGE = YES_ERROR;
				CLANG_WARN_DOCUMENTATION_COMMENTS = YES;
				CLANG_WARN_EMPTY_BODY = YES;
				CLANG_WARN_ENUM_CONVERSION = YES;
				CLANG_WARN_INFINITE_RECURSION = YES;
				CLANG_WARN_INT_CONVERSION = YES;
				CLANG_WARN_NON_LITERAL_NULL_CONVERSION = YES;
				CLANG_WARN_OBJC_IMPLICIT_RETAIN_SELF = YES;
				CLANG_WARN_OBJC_LITERAL_CONVERSION = YES;
				CLANG_WARN_OBJC_ROOT_CLASS = YES_ERROR;
				CLANG_WARN_QUOTED_INCLUDE_IN_FRAMEWORK_HEADER = YES;
				CLANG_WARN_RANGE_LOOP_ANALYSIS = YES;
				CLANG_WARN_STRICT_PROTOTYPES = YES;
				CLANG_WARN_SUSPICIOUS_MOVE = YES;
				CLANG_WARN_UNGUARDED_AVAILABILITY = YES_AGGRESSIVE;
				CLANG_WARN_UNREACHABLE_CODE = YES;
				CLANG_WARN__DUPLICATE_METHOD_MATCH = YES;
				COPY_PHASE_STRIP = NO;
				DEBUG_INFORMATION_FORMAT = "dwarf-with-dsym";
				ENABLE_NS_ASSERTIONS = NO;
				ENABLE_STRICT_OBJC_MSGSEND = YES;
				GCC_C_LANGUAGE_STANDARD = gnu11;
				GCC_NO_COMMON_BLOCKS = YES;
				GCC_WARN_64_TO_32_BIT_CONVERSION = YES;
				GCC_WARN_ABOUT_RETURN_TYPE = YES_ERROR;
				GCC_WARN_UNDECLARED_SELECTOR = YES;
				GCC_WARN_UNINITIALIZED_AUTOS = YES_AGGRESSIVE;
				GCC_WARN_UNUSED_FUNCTION = YES;
				GCC_WARN_UNUSED_VARIABLE = YES;
				IPHONEOS_DEPLOYMENT_TARGET = 15.0;
				MTL_ENABLE_DEBUG_INFO = NO;
				MTL_FAST_MATH = YES;
				SDKROOT = iphoneos;
				SWIFT_COMPILATION_MODE = wholemodule;
				SWIFT_OPTIMIZATION_LEVEL = "-O";
				VALIDATE_PRODUCT = YES;
			};
			name = Release;
		};
		5CB8A0F92721BDB800D45E81 /* Debug */ = {
			isa = XCBuildConfiguration;
			buildSettings = {
				ASSETCATALOG_COMPILER_APPICON_NAME = AppIcon;
				ASSETCATALOG_COMPILER_GLOBAL_ACCENT_COLOR_NAME = AccentColor;
				CODE_SIGN_STYLE = Automatic;
				CURRENT_PROJECT_VERSION = 1;
				DEVELOPMENT_ASSET_PATHS = "\"sully/Preview Content\"";
				ENABLE_PREVIEWS = YES;
				GENERATE_INFOPLIST_FILE = YES;
				INFOPLIST_KEY_UIApplicationSceneManifest_Generation = YES;
				INFOPLIST_KEY_UIApplicationSupportsIndirectInputEvents = YES;
				INFOPLIST_KEY_UILaunchScreen_Generation = YES;
				INFOPLIST_KEY_UISupportedInterfaceOrientations_iPad = "UIInterfaceOrientationPortrait UIInterfaceOrientationPortraitUpsideDown UIInterfaceOrientationLandscapeLeft UIInterfaceOrientationLandscapeRight";
				INFOPLIST_KEY_UISupportedInterfaceOrientations_iPhone = "UIInterfaceOrientationPortrait UIInterfaceOrientationLandscapeLeft UIInterfaceOrientationLandscapeRight";
				IPHONEOS_DEPLOYMENT_TARGET = 14.0;
				LD_RUNPATH_SEARCH_PATHS = (
					"$(inherited)",
					"@executable_path/Frameworks",
				);
				MARKETING_VERSION = 1.0;
				PRODUCT_BUNDLE_IDENTIFIER = "Test-org.sully";
				PRODUCT_NAME = "$(TARGET_NAME)";
				SWIFT_EMIT_LOC_STRINGS = YES;
				SWIFT_VERSION = 5.0;
				TARGETED_DEVICE_FAMILY = "1,2";
			};
			name = Debug;
		};
		5CB8A0FA2721BDB800D45E81 /* Release */ = {
			isa = XCBuildConfiguration;
			buildSettings = {
				ASSETCATALOG_COMPILER_APPICON_NAME = AppIcon;
				ASSETCATALOG_COMPILER_GLOBAL_ACCENT_COLOR_NAME = AccentColor;
				CODE_SIGN_STYLE = Automatic;
				CURRENT_PROJECT_VERSION = 1;
				DEVELOPMENT_ASSET_PATHS = "\"sully/Preview Content\"";
				ENABLE_PREVIEWS = YES;
				GENERATE_INFOPLIST_FILE = YES;
				INFOPLIST_KEY_UIApplicationSceneManifest_Generation = YES;
				INFOPLIST_KEY_UIApplicationSupportsIndirectInputEvents = YES;
				INFOPLIST_KEY_UILaunchScreen_Generation = YES;
				INFOPLIST_KEY_UISupportedInterfaceOrientations_iPad = "UIInterfaceOrientationPortrait UIInterfaceOrientationPortraitUpsideDown UIInterfaceOrientationLandscapeLeft UIInterfaceOrientationLandscapeRight";
				INFOPLIST_KEY_UISupportedInterfaceOrientations_iPhone = "UIInterfaceOrientationPortrait UIInterfaceOrientationLandscapeLeft UIInterfaceOrientationLandscapeRight";
				IPHONEOS_DEPLOYMENT_TARGET = 14.0;
				LD_RUNPATH_SEARCH_PATHS = (
					"$(inherited)",
					"@executable_path/Frameworks",
				);
				MARKETING_VERSION = 1.0;
				PRODUCT_BUNDLE_IDENTIFIER = "Test-org.sully";
				PRODUCT_NAME = "$(TARGET_NAME)";
				SWIFT_EMIT_LOC_STRINGS = YES;
				SWIFT_VERSION = 5.0;
				TARGETED_DEVICE_FAMILY = "1,2";
			};
			name = Release;
		};
		5CB8A0FC2721BDB800D45E81 /* Debug */ = {
			isa = XCBuildConfiguration;
			buildSettings = {
				ALWAYS_EMBED_SWIFT_STANDARD_LIBRARIES = YES;
				BUNDLE_LOADER = "$(TEST_HOST)";
				CODE_SIGN_STYLE = Automatic;
				CURRENT_PROJECT_VERSION = 1;
				GENERATE_INFOPLIST_FILE = YES;
				IPHONEOS_DEPLOYMENT_TARGET = 14.0;
				LD_RUNPATH_SEARCH_PATHS = (
					"$(inherited)",
					"@executable_path/Frameworks",
					"@loader_path/Frameworks",
				);
				MARKETING_VERSION = 1.0;
				PRODUCT_BUNDLE_IDENTIFIER = "Test-org.sullyTests";
				PRODUCT_NAME = "$(TARGET_NAME)";
				SWIFT_EMIT_LOC_STRINGS = NO;
				SWIFT_VERSION = 5.0;
				TARGETED_DEVICE_FAMILY = "1,2";
				TEST_HOST = "$(BUILT_PRODUCTS_DIR)/sully.app/sully";
			};
			name = Debug;
		};
		5CB8A0FD2721BDB800D45E81 /* Release */ = {
			isa = XCBuildConfiguration;
			buildSettings = {
				ALWAYS_EMBED_SWIFT_STANDARD_LIBRARIES = YES;
				BUNDLE_LOADER = "$(TEST_HOST)";
				CODE_SIGN_STYLE = Automatic;
				CURRENT_PROJECT_VERSION = 1;
				GENERATE_INFOPLIST_FILE = YES;
				IPHONEOS_DEPLOYMENT_TARGET = 14.0;
				LD_RUNPATH_SEARCH_PATHS = (
					"$(inherited)",
					"@executable_path/Frameworks",
					"@loader_path/Frameworks",
				);
				MARKETING_VERSION = 1.0;
				PRODUCT_BUNDLE_IDENTIFIER = "Test-org.sullyTests";
				PRODUCT_NAME = "$(TARGET_NAME)";
				SWIFT_EMIT_LOC_STRINGS = NO;
				SWIFT_VERSION = 5.0;
				TARGETED_DEVICE_FAMILY = "1,2";
				TEST_HOST = "$(BUILT_PRODUCTS_DIR)/sully.app/sully";
			};
			name = Release;
		};
		5CB8A0FF2721BDB800D45E81 /* Debug */ = {
			isa = XCBuildConfiguration;
			buildSettings = {
				ALWAYS_EMBED_SWIFT_STANDARD_LIBRARIES = YES;
				CODE_SIGN_STYLE = Automatic;
				CURRENT_PROJECT_VERSION = 1;
				GENERATE_INFOPLIST_FILE = YES;
				LD_RUNPATH_SEARCH_PATHS = (
					"$(inherited)",
					"@executable_path/Frameworks",
					"@loader_path/Frameworks",
				);
				MARKETING_VERSION = 1.0;
				PRODUCT_BUNDLE_IDENTIFIER = "Test-org.sullyUITests";
				PRODUCT_NAME = "$(TARGET_NAME)";
				SWIFT_EMIT_LOC_STRINGS = NO;
				SWIFT_VERSION = 5.0;
				TARGETED_DEVICE_FAMILY = "1,2";
				TEST_TARGET_NAME = sully;
			};
			name = Debug;
		};
		5CB8A1002721BDB800D45E81 /* Release */ = {
			isa = XCBuildConfiguration;
			buildSettings = {
				ALWAYS_EMBED_SWIFT_STANDARD_LIBRARIES = YES;
				CODE_SIGN_STYLE = Automatic;
				CURRENT_PROJECT_VERSION = 1;
				GENERATE_INFOPLIST_FILE = YES;
				LD_RUNPATH_SEARCH_PATHS = (
					"$(inherited)",
					"@executable_path/Frameworks",
					"@loader_path/Frameworks",
				);
				MARKETING_VERSION = 1.0;
				PRODUCT_BUNDLE_IDENTIFIER = "Test-org.sullyUITests";
				PRODUCT_NAME = "$(TARGET_NAME)";
				SWIFT_EMIT_LOC_STRINGS = NO;
				SWIFT_VERSION = 5.0;
				TARGETED_DEVICE_FAMILY = "1,2";
				TEST_TARGET_NAME = sully;
			};
			name = Release;
		};
/* End XCBuildConfiguration section */

/* Begin XCConfigurationList section */
		5CB8A0CF2721BDB500D45E81 /* Build configuration list for PBXProject "sully" */ = {
			isa = XCConfigurationList;
			buildConfigurations = (
				5CB8A0F62721BDB800D45E81 /* Debug */,
				5CB8A0F72721BDB800D45E81 /* Release */,
			);
			defaultConfigurationIsVisible = 0;
			defaultConfigurationName = Release;
		};
		5CB8A0F82721BDB800D45E81 /* Build configuration list for PBXNativeTarget "sully" */ = {
			isa = XCConfigurationList;
			buildConfigurations = (
				5CB8A0F92721BDB800D45E81 /* Debug */,
				5CB8A0FA2721BDB800D45E81 /* Release */,
			);
			defaultConfigurationIsVisible = 0;
			defaultConfigurationName = Release;
		};
		5CB8A0FB2721BDB800D45E81 /* Build configuration list for PBXNativeTarget "sullyTests" */ = {
			isa = XCConfigurationList;
			buildConfigurations = (
				5CB8A0FC2721BDB800D45E81 /* Debug */,
				5CB8A0FD2721BDB800D45E81 /* Release */,
			);
			defaultConfigurationIsVisible = 0;
			defaultConfigurationName = Release;
		};
		5CB8A0FE2721BDB800D45E81 /* Build configuration list for PBXNativeTarget "sullyUITests" */ = {
			isa = XCConfigurationList;
			buildConfigurations = (
				5CB8A0FF2721BDB800D45E81 /* Debug */,
				5CB8A1002721BDB800D45E81 /* Release */,
			);
			defaultConfigurationIsVisible = 0;
			defaultConfigurationName = Release;
		};
/* End XCConfigurationList section */
	};
	rootObject = 5CB8A0CC2721BDB500D45E81 /* Project object */;
}
